
Microsoft Visual Studio Solution File, Format Version 12.00
# Visual Studio Version 16
VisualStudioVersion = 16.0.30011.22
MinimumVisualStudioVersion = 10.0.40219.1
Project("{9A19103F-16F7-4668-BE54-9A1E7A4F7556}") = "UrlShortener.Api", "UrlShortener.Api\UrlShortener.Api.csproj", "{EB0FEFDC-6016-4586-9843-AD4AE5C31580}"
EndProject
Project("{9A19103F-16F7-4668-BE54-9A1E7A4F7556}") = "UrlShortener.Common", "UrlShortener.Common\UrlShortener.Common.csproj", "{D0C28500-2B42-4F5D-BF6C-BBA85485CB36}"
EndProject
Project("{FAE04EC0-301F-11D3-BF4B-00C04F79EFBC}") = "UrlShortener.DataAccess", "UrlShortener.DataAccess\UrlShortener.DataAccess.csproj", "{3378BB73-E7A2-4BCC-8FF1-19752B72615B}"
EndProject
Project("{2150E333-8FDC-42A3-9474-1A3956D46DE8}") = "Solution Items", "Solution Items", "{DEB1AD2B-25C6-490C-BAF3-9ED23259B630}"
	ProjectSection(SolutionItems) = preProject
		Readme.md = Readme.md
	EndProjectSection
EndProject
Global
	GlobalSection(SolutionConfigurationPlatforms) = preSolution
		Debug|Any CPU = Debug|Any CPU
		Release|Any CPU = Release|Any CPU
	EndGlobalSection
	GlobalSection(ProjectConfigurationPlatforms) = postSolution
		{EB0FEFDC-6016-4586-9843-AD4AE5C31580}.Debug|Any CPU.ActiveCfg = Debug|Any CPU
		{EB0FEFDC-6016-4586-9843-AD4AE5C31580}.Debug|Any CPU.Build.0 = Debug|Any CPU
		{EB0FEFDC-6016-4586-9843-AD4AE5C31580}.Release|Any CPU.ActiveCfg = Release|Any CPU
		{EB0FEFDC-6016-4586-9843-AD4AE5C31580}.Release|Any CPU.Build.0 = Release|Any CPU
		{D0C28500-2B42-4F5D-BF6C-BBA85485CB36}.Debug|Any CPU.ActiveCfg = Debug|Any CPU
		{D0C28500-2B42-4F5D-BF6C-BBA85485CB36}.Debug|Any CPU.Build.0 = Debug|Any CPU
		{D0C28500-2B42-4F5D-BF6C-BBA85485CB36}.Release|Any CPU.ActiveCfg = Release|Any CPU
		{D0C28500-2B42-4F5D-BF6C-BBA85485CB36}.Release|Any CPU.Build.0 = Release|Any CPU
		{3378BB73-E7A2-4BCC-8FF1-19752B72615B}.Debug|Any CPU.ActiveCfg = Debug|Any CPU
		{3378BB73-E7A2-4BCC-8FF1-19752B72615B}.Debug|Any CPU.Build.0 = Debug|Any CPU
		{3378BB73-E7A2-4BCC-8FF1-19752B72615B}.Release|Any CPU.ActiveCfg = Release|Any CPU
		{3378BB73-E7A2-4BCC-8FF1-19752B72615B}.Release|Any CPU.Build.0 = Release|Any CPU
	EndGlobalSection
	GlobalSection(SolutionProperties) = preSolution
		HideSolutionNode = FALSE
	EndGlobalSection
	GlobalSection(ExtensibilityGlobals) = postSolution
		SolutionGuid = {9DA36074-427A-4C6D-BE9C-E685FCA9EA9B}
	EndGlobalSection
EndGlobal
